# THIS IS AN AUTOGENERATED FILE. DO NOT EDIT THIS FILE DIRECTLY.
# yarn lockfile v1


"@babel/runtime@^7.7.6":
  "integrity" "sha512-TXWihFIS3Pyv5hzR7j6ihmeLkZfrXGxAr5UfSl8CHf+6q/wpiYDkUau0czckpYG8QmnCIuPpdLtuA9VmuGGyMA=="
  "resolved" "https://registry.npmmirror.com/@babel/runtime/download/@babel/runtime-7.16.5.tgz"
  "version" "7.16.5"
  dependencies:
    "regenerator-runtime" "^0.13.4"

"@sindresorhus/is@^0.14.0":
  "integrity" "sha1-n7OjzzEyMoFR81PeRjLgHlIQK+o="
  "resolved" "https://registry.npmmirror.com/@sindresorhus/is/download/@sindresorhus/is-0.14.0.tgz"
  "version" "0.14.0"

"@szmarczak/http-timer@^1.1.2":
  "integrity" "sha1-sWZeLEYaLNkvTBu/UNVFTeDUtCE="
  "resolved" "https://registry.nlark.com/@szmarczak/http-timer/download/@szmarczak/http-timer-1.1.2.tgz?cache=0&sync_timestamp=1629502165113&other_urls=https%3A%2F%2Fregistry.nlark.com%2F%40szmarczak%2Fhttp-timer%2Fdownload%2F%40szmarczak%2Fhttp-timer-1.1.2.tgz"
  "version" "1.1.2"
  dependencies:
    "defer-to-connect" "^1.0.1"

"abs-svg-path@^0.1.1":
  "integrity" "sha1-32Acjo0roQ1KdtYl4japo5wnI78="
  "resolved" "https://registry.nlark.com/abs-svg-path/download/abs-svg-path-0.1.1.tgz"
  "version" "0.1.1"

"adaptive-bezier-curve@^1.0.3":
  "integrity" "sha1-R3V3q+h9coDUbKQWSfbCJkb+gic="
  "resolved" "https://registry.npmmirror.com/adaptive-bezier-curve/download/adaptive-bezier-curve-1.0.3.tgz"
  "version" "1.0.3"

"almost-equal@^1.1.0":
  "integrity" "sha1-+FHGMROHV5lCdqou++jfowZszN0="
  "resolved" "https://registry.nlark.com/almost-equal/download/almost-equal-1.1.0.tgz"
  "version" "1.1.0"

"almost-equal@0.0.0":
  "integrity" "sha1-56Wms0V7Z8g+4ARPmo0HY3NV8C0="
  "resolved" "https://registry.nlark.com/almost-equal/download/almost-equal-0.0.0.tgz"
  "version" "0.0.0"

"an-array@^1.0.0":
  "integrity" "sha1-wSWlu4JXd4419LT2qpx9D6nkJmU="
  "resolved" "https://registry.npmmirror.com/an-array/download/an-array-1.0.0.tgz"
  "version" "1.0.0"

"anymatch@~3.1.2":
  "integrity" "sha1-wFV8CWrzLxBhmPT04qODU343hxY="
  "resolved" "https://registry.nlark.com/anymatch/download/anymatch-3.1.2.tgz"
  "version" "3.1.2"
  dependencies:
    "normalize-path" "^3.0.0"
    "picomatch" "^2.0.4"

"aplayer@^1.10.1":
  "integrity" "sha512-HAfyxgCUTLAqtYlxzzK9Fyqg6y+kZ9CqT1WfeWE8FSzwspT6oBqWOZHANPHF3RGTtC33IsyEgrfthPDzU5r9kQ=="
  "resolved" "https://registry.npmmirror.com/aplayer/download/aplayer-1.10.1.tgz"
  "version" "1.10.1"
  dependencies:
    "balloon-css" "^0.5.0"
    "promise-polyfill" "7.1.0"
    "smoothscroll" "0.4.0"

"array-almost-equal@^1.0.0":
  "integrity" "sha1-Q8VP9DUELpy/pCEqxJraX8c1n8U="
  "resolved" "https://registry.npmmirror.com/array-almost-equal/download/array-almost-equal-1.0.0.tgz"
  "version" "1.0.0"
  dependencies:
    "almost-equal" "0.0.0"
    "an-array" "^1.0.0"

"balloon-css@^0.5.0":
  "integrity" "sha1-niFjVloTbJ1Kog6EAHcs47c40/8="
  "resolved" "https://registry.npm.taobao.org/balloon-css/download/balloon-css-0.5.2.tgz"
  "version" "0.5.2"

"binary-extensions@^2.0.0":
  "integrity" "sha1-dfUC7q+f/eQvyYgpZFvk6na9ni0="
  "resolved" "https://registry.nlark.com/binary-extensions/download/binary-extensions-2.2.0.tgz"
  "version" "2.2.0"

"braces@~3.0.2":
  "integrity" "sha1-NFThpGLujVmeI23zNs2epPiv4Qc="
  "resolved" "https://registry.nlark.com/braces/download/braces-3.0.2.tgz"
  "version" "3.0.2"
  dependencies:
    "fill-range" "^7.0.1"

"cacheable-request@^6.0.0":
  "integrity" "sha1-IP+4vRYrpL4R6VZ9gj22UQUsqRI="
  "resolved" "https://registry.nlark.com/cacheable-request/download/cacheable-request-6.1.0.tgz?cache=0&sync_timestamp=1623237504263&other_urls=https%3A%2F%2Fregistry.nlark.com%2Fcacheable-request%2Fdownload%2Fcacheable-request-6.1.0.tgz"
  "version" "6.1.0"
  dependencies:
    "clone-response" "^1.0.2"
    "get-stream" "^5.1.0"
    "http-cache-semantics" "^4.0.0"
    "keyv" "^3.0.0"
    "lowercase-keys" "^2.0.0"
    "normalize-url" "^4.1.0"
    "responselike" "^1.0.2"

"canvas-sketch-util@^1.10.0":
  "integrity" "sha1-k9Eao3j4mR7Qg30b+OpzgTL0Hx4="
  "resolved" "https://registry.npmmirror.com/canvas-sketch-util/download/canvas-sketch-util-1.10.0.tgz"
  "version" "1.10.0"
  dependencies:
    "abs-svg-path" "^0.1.1"
    "almost-equal" "^1.1.0"
    "array-almost-equal" "^1.0.0"
    "clone" "^2.1.2"
    "color-luminance" "^2.1.0"
    "convert-length" "^1.0.1"
    "d3-path" "^1.0.8"
    "defined" "^1.0.0"
    "float-hsl2rgb" "^1.0.2"
    "float-rgb2hsl" "^1.0.1"
    "lineclip" "^1.1.5"
    "normalize-svg-path" "^1.0.1"
    "parse-color" "^1.0.0"
    "parse-svg-path" "^0.1.2"
    "primitive-quad" "^2.0.0"
    "regl" "^1.3.7"
    "seed-random" "^2.2.0"
    "simplex-noise" "^2.4.0"
    "svg-path-contours" "^2.0.0"

"chokidar@>=3.0.0 <4.0.0":
  "integrity" "sha1-26OXb8rbAW9m/TZQIdkWANAcHnU="
  "resolved" "https://registry.npmmirror.com/chokidar/download/chokidar-3.5.2.tgz"
  "version" "3.5.2"
  dependencies:
    "anymatch" "~3.1.2"
    "braces" "~3.0.2"
    "glob-parent" "~5.1.2"
    "is-binary-path" "~2.1.0"
    "is-glob" "~4.0.1"
    "normalize-path" "~3.0.0"
    "readdirp" "~3.6.0"
  optionalDependencies:
    "fsevents" "~2.3.2"

"clone-response@^1.0.2":
  "integrity" "sha1-0dyXOSAxTfZ/vrlCI7TuNQI56Ws="
  "resolved" "https://registry.npm.taobao.org/clone-response/download/clone-response-1.0.2.tgz"
  "version" "1.0.2"
  dependencies:
    "mimic-response" "^1.0.0"

"clone@^2.1.2":
  "integrity" "sha1-G39Ln1kfHo+DZwQBYANFoCiHQ18="
  "resolved" "https://registry.npmmirror.com/clone/download/clone-2.1.2.tgz"
  "version" "2.1.2"

"color-convert@~0.5.0":
  "integrity" "sha1-vbbGnOZg+t/+CwAHzER+G59ygr0="
  "resolved" "https://registry.npmmirror.com/color-convert/download/color-convert-0.5.3.tgz"
  "version" "0.5.3"

"color-luminance@^2.1.0":
  "integrity" "sha1-WP8uvTK1LQf1N47v5aDnnWsxitc="
  "resolved" "https://registry.npmmirror.com/color-luminance/download/color-luminance-2.1.0.tgz"
  "version" "2.1.0"

"convert-length@^1.0.1":
  "integrity" "sha1-tmx9wffRgZFmZ8l39Xvi8esXwbc="
  "resolved" "https://registry.npmmirror.com/convert-length/download/convert-length-1.0.1.tgz"
  "version" "1.0.1"
  dependencies:
    "defined" "^1.0.0"

"d3-path@^1.0.8":
  "integrity" "sha1-SMBQux/owmJJOoyvVSTj6VkXAc8="
  "resolved" "https://registry.nlark.com/d3-path/download/d3-path-1.0.9.tgz?cache=0&sync_timestamp=1622917833000&other_urls=https%3A%2F%2Fregistry.nlark.com%2Fd3-path%2Fdownload%2Fd3-path-1.0.9.tgz"
  "version" "1.0.9"

"decompress-response@^3.3.0":
  "integrity" "sha1-gKTdMjdIOEv6JICDYirt7Jgq3/M="
  "resolved" "https://registry.npmmirror.com/decompress-response/download/decompress-response-3.3.0.tgz"
  "version" "3.3.0"
  dependencies:
    "mimic-response" "^1.0.0"

"defer-to-connect@^1.0.1":
  "integrity" "sha1-MxrgUMCNz3ifjIOnuB8O2U9KxZE="
  "resolved" "https://registry.nlark.com/defer-to-connect/download/defer-to-connect-1.1.3.tgz"
  "version" "1.1.3"

"defined@^1.0.0":
  "integrity" "sha1-yY2bzvdWdBiOEQlpFRGZ45sfppM="
  "resolved" "https://registry.npm.taobao.org/defined/download/defined-1.0.0.tgz"
  "version" "1.0.0"

"duplexer3@^0.1.4":
  "integrity" "sha1-7gHdHKwO08vH/b6jfcCo8c4ALOI="
  "resolved" "https://registry.npmmirror.com/duplexer3/download/duplexer3-0.1.4.tgz"
  "version" "0.1.4"

"end-of-stream@^1.1.0":
  "integrity" "sha1-WuZKX0UFe682JuwU2gyl5LJDHrA="
  "resolved" "https://registry.nlark.com/end-of-stream/download/end-of-stream-1.4.4.tgz"
  "version" "1.4.4"
  dependencies:
    "once" "^1.4.0"

"esbuild-windows-64@0.13.15":
  "integrity" "sha512-9aMsPRGDWCd3bGjUIKG/ZOJPKsiztlxl/Q3C1XDswO6eNX/Jtwu4M+jb6YDH9hRSUflQWX0XKAfWzgy5Wk54JQ=="
  "resolved" "https://registry.npmmirror.com/esbuild-windows-64/download/esbuild-windows-64-0.13.15.tgz"
  "version" "0.13.15"

"esbuild@^0.13.12":
  "integrity" "sha512-raCxt02HBKv8RJxE8vkTSCXGIyKHdEdGfUmiYb8wnabnaEmHzyW7DCHb5tEN0xU8ryqg5xw54mcwnYkC4x3AIw=="
  "resolved" "https://registry.npmmirror.com/esbuild/download/esbuild-0.13.15.tgz"
  "version" "0.13.15"
  optionalDependencies:
    "esbuild-android-arm64" "0.13.15"
    "esbuild-darwin-64" "0.13.15"
    "esbuild-darwin-arm64" "0.13.15"
    "esbuild-freebsd-64" "0.13.15"
    "esbuild-freebsd-arm64" "0.13.15"
    "esbuild-linux-32" "0.13.15"
    "esbuild-linux-64" "0.13.15"
    "esbuild-linux-arm" "0.13.15"
    "esbuild-linux-arm64" "0.13.15"
    "esbuild-linux-mips64le" "0.13.15"
    "esbuild-linux-ppc64le" "0.13.15"
    "esbuild-netbsd-64" "0.13.15"
    "esbuild-openbsd-64" "0.13.15"
    "esbuild-sunos-64" "0.13.15"
    "esbuild-windows-32" "0.13.15"
    "esbuild-windows-64" "0.13.15"
    "esbuild-windows-arm64" "0.13.15"

"fill-range@^7.0.1":
  "integrity" "sha1-GRmmp8df44ssfHflGYU12prN2kA="
  "resolved" "https://registry.nlark.com/fill-range/download/fill-range-7.0.1.tgz"
  "version" "7.0.1"
  dependencies:
    "to-regex-range" "^5.0.1"

"float-hsl2rgb@^1.0.2":
  "integrity" "sha1-7PNQnECsZWfJaiBGIrDExL9DyKE="
  "resolved" "https://registry.npmmirror.com/float-hsl2rgb/download/float-hsl2rgb-1.0.2.tgz"
  "version" "1.0.2"

"float-rgb2hsl@^1.0.1":
  "integrity" "sha1-jv6qD8cm5TNjp5vz9jYIIFXBDA4="
  "resolved" "https://registry.npmmirror.com/float-rgb2hsl/download/float-rgb2hsl-1.0.1.tgz"
  "version" "1.0.1"

"function-bind@^1.1.1":
  "integrity" "sha1-pWiZ0+o8m6uHS7l3O3xe3pL0iV0="
  "resolved" "https://registry.nlark.com/function-bind/download/function-bind-1.1.1.tgz"
  "version" "1.1.1"

"get-stream@^4.1.0":
  "integrity" "sha1-wbJVV189wh1Zv8ec09K0axw6VLU="
  "resolved" "https://registry.nlark.com/get-stream/download/get-stream-4.1.0.tgz"
  "version" "4.1.0"
  dependencies:
    "pump" "^3.0.0"

"get-stream@^5.1.0":
  "integrity" "sha1-SWaheV7lrOZecGxLe+txJX1uItM="
  "resolved" "https://registry.nlark.com/get-stream/download/get-stream-5.2.0.tgz"
  "version" "5.2.0"
  dependencies:
    "pump" "^3.0.0"

"glob-parent@~5.1.2":
  "integrity" "sha1-hpgyxYA0/mikCTwX3BXoNA2EAcQ="
  "resolved" "https://registry.npmmirror.com/glob-parent/download/glob-parent-5.1.2.tgz?cache=0&sync_timestamp=1632953697891&other_urls=https%3A%2F%2Fregistry.npmmirror.com%2Fglob-parent%2Fdownload%2Fglob-parent-5.1.2.tgz"
  "version" "5.1.2"
  dependencies:
    "is-glob" "^4.0.1"

"got@^9.2.2":
  "integrity" "sha1-7fRefWf5lUVwXeH3u+7rEhdl7YU="
  "resolved" "https://registry.npmmirror.com/got/download/got-9.6.0.tgz"
  "version" "9.6.0"
  dependencies:
    "@sindresorhus/is" "^0.14.0"
    "@szmarczak/http-timer" "^1.1.2"
    "cacheable-request" "^6.0.0"
    "decompress-response" "^3.3.0"
    "duplexer3" "^0.1.4"
    "get-stream" "^4.1.0"
    "lowercase-keys" "^1.0.1"
    "mimic-response" "^1.0.1"
    "p-cancelable" "^1.0.0"
    "to-readable-stream" "^1.0.0"
    "url-parse-lax" "^3.0.0"

"has@^1.0.3":
  "integrity" "sha1-ci18v8H2qoJB8W3YFOAR4fQeh5Y="
  "resolved" "https://registry.nlark.com/has/download/has-1.0.3.tgz"
  "version" "1.0.3"
  dependencies:
    "function-bind" "^1.1.1"

"history@^5.2.0":
  "integrity" "sha512-uPSF6lAJb3nSePJ43hN3eKj1dTWpN9gMod0ZssbFTIsen+WehTmEadgL+kg78xLJFdRfrrC//SavDzmRVdE+Ig=="
  "resolved" "https://registry.npmmirror.com/history/download/history-5.2.0.tgz"
  "version" "5.2.0"
  dependencies:
    "@babel/runtime" "^7.7.6"

"http-cache-semantics@^4.0.0":
  "integrity" "sha1-SekcXL82yblLz81xwj1SSex045A="
  "resolved" "https://registry.nlark.com/http-cache-semantics/download/http-cache-semantics-4.1.0.tgz"
  "version" "4.1.0"

"immutable@^4.0.0":
  "integrity" "sha1-uG943mre82CDle+yaakUYnl+LCM="
  "resolved" "https://registry.npmmirror.com/immutable/download/immutable-4.0.0.tgz?cache=0&sync_timestamp=1633650938783&other_urls=https%3A%2F%2Fregistry.npmmirror.com%2Fimmutable%2Fdownload%2Fimmutable-4.0.0.tgz"
  "version" "4.0.0"

"is-binary-path@~2.1.0":
  "integrity" "sha1-6h9/O4DwZCNug0cPhsCcJU+0Wwk="
  "resolved" "https://registry.nlark.com/is-binary-path/download/is-binary-path-2.1.0.tgz"
  "version" "2.1.0"
  dependencies:
    "binary-extensions" "^2.0.0"

"is-core-module@^2.2.0":
  "integrity" "sha1-AyEzbD0JJeSX/Zf12VyxFKXM1Ug="
  "resolved" "https://registry.npmmirror.com/is-core-module/download/is-core-module-2.8.0.tgz"
  "version" "2.8.0"
  dependencies:
    "has" "^1.0.3"

"is-extglob@^2.1.1":
  "integrity" "sha1-qIwCU1eR8C7TfHahueqXc8gz+MI="
  "resolved" "https://registry.nlark.com/is-extglob/download/is-extglob-2.1.1.tgz"
  "version" "2.1.1"

"is-glob@^4.0.1", "is-glob@~4.0.1":
  "integrity" "sha1-ZPYeQsu7LuwgcanawLKLoeZdUIQ="
  "resolved" "https://registry.npmmirror.com/is-glob/download/is-glob-4.0.3.tgz"
  "version" "4.0.3"
  dependencies:
    "is-extglob" "^2.1.1"

"is-number@^7.0.0":
  "integrity" "sha1-dTU0W4lnNNX4DE0GxQlVUnoU8Ss="
  "resolved" "https://registry.npm.taobao.org/is-number/download/is-number-7.0.0.tgz"
  "version" "7.0.0"

"js-tokens@^3.0.0 || ^4.0.0":
  "integrity" "sha1-GSA/tZmR35jjoocFDUZHzerzJJk="
  "resolved" "https://registry.nlark.com/js-tokens/download/js-tokens-4.0.0.tgz"
  "version" "4.0.0"

"json-buffer@3.0.0":
  "integrity" "sha1-Wx85evx11ne96Lz8Dkfh+aPZqJg="
  "resolved" "https://registry.nlark.com/json-buffer/download/json-buffer-3.0.0.tgz"
  "version" "3.0.0"

"keyv@^3.0.0":
  "integrity" "sha1-7MIoSG9pmR5J6UdkhaW+Ho/FxNk="
  "resolved" "https://registry.npmmirror.com/keyv/download/keyv-3.1.0.tgz"
  "version" "3.1.0"
  dependencies:
    "json-buffer" "3.0.0"

"lineclip@^1.1.5":
  "integrity" "sha1-K/JgZ9lDVP6r+R5CdoI221YW/RM="
  "resolved" "https://registry.npm.taobao.org/lineclip/download/lineclip-1.1.5.tgz"
  "version" "1.1.5"

"loose-envify@^1.1.0":
  "integrity" "sha1-ce5R+nvkyuwaY4OffmgtgTLTDK8="
  "resolved" "https://registry.nlark.com/loose-envify/download/loose-envify-1.4.0.tgz?cache=0&sync_timestamp=1627566748051&other_urls=https%3A%2F%2Fregistry.nlark.com%2Floose-envify%2Fdownload%2Floose-envify-1.4.0.tgz"
  "version" "1.4.0"
  dependencies:
    "js-tokens" "^3.0.0 || ^4.0.0"

"lowercase-keys@^1.0.0", "lowercase-keys@^1.0.1":
  "integrity" "sha1-b54wtHCE2XGnyCD/FabFFnt0wm8="
  "resolved" "https://registry.npmmirror.com/lowercase-keys/download/lowercase-keys-1.0.1.tgz?cache=0&sync_timestamp=1634552902598&other_urls=https%3A%2F%2Fregistry.npmmirror.com%2Flowercase-keys%2Fdownload%2Flowercase-keys-1.0.1.tgz"
  "version" "1.0.1"

"lowercase-keys@^2.0.0":
  "integrity" "sha1-JgPni3tLAAbLyi+8yKMgJVislHk="
  "resolved" "https://registry.npmmirror.com/lowercase-keys/download/lowercase-keys-2.0.0.tgz?cache=0&sync_timestamp=1634552902598&other_urls=https%3A%2F%2Fregistry.npmmirror.com%2Flowercase-keys%2Fdownload%2Flowercase-keys-2.0.0.tgz"
  "version" "2.0.0"

"map-limit@0.0.1":
  "integrity" "sha1-63lhAxwPDo0AG/LVb6toXViCLzg="
  "resolved" "https://registry.nlark.com/map-limit/download/map-limit-0.0.1.tgz"
  "version" "0.0.1"
  dependencies:
    "once" "~1.3.0"

"mimic-response@^1.0.0", "mimic-response@^1.0.1":
  "integrity" "sha1-SSNTiHju9CBjy4o+OweYeBSHqxs="
  "resolved" "https://registry.nlark.com/mimic-response/download/mimic-response-1.0.1.tgz?cache=0&sync_timestamp=1628692524926&other_urls=https%3A%2F%2Fregistry.nlark.com%2Fmimic-response%2Fdownload%2Fmimic-response-1.0.1.tgz"
  "version" "1.0.1"

"minimist@^1.2.0":
  "integrity" "sha1-Z9ZgFLZqaoqqDAg8X9WN9OTpdgI="
  "resolved" "https://registry.nlark.com/minimist/download/minimist-1.2.5.tgz"
  "version" "1.2.5"

"nanoid@^3.1.30":
  "integrity" "sha512-zJpuPDwOv8D2zq2WRoMe1HsfZthVewpel9CAvTfc/2mBD1uUT/agc5f7GHGWXlYkFvi1mVxe4IjvP2HNrop7nQ=="
  "resolved" "https://registry.npmmirror.com/nanoid/download/nanoid-3.1.30.tgz"
  "version" "3.1.30"

"new-array@^1.0.0":
  "integrity" "sha1-XbxjnZYerH8an7wacUbsEvKST78="
  "resolved" "https://registry.npmmirror.com/new-array/download/new-array-1.0.0.tgz"
  "version" "1.0.0"

"nice-color-palettes@^3.0.0":
  "integrity" "sha1-HsMZJ8/EzopRgitrqyxkhF0YGrs="
  "resolved" "https://registry.npmmirror.com/nice-color-palettes/download/nice-color-palettes-3.0.0.tgz"
  "version" "3.0.0"
  dependencies:
    "got" "^9.2.2"
    "map-limit" "0.0.1"
    "minimist" "^1.2.0"
    "new-array" "^1.0.0"

"normalize-path@^3.0.0", "normalize-path@~3.0.0":
  "integrity" "sha1-Dc1p/yOhybEf0JeDFmRKA4ghamU="
  "resolved" "https://registry.nlark.com/normalize-path/download/normalize-path-3.0.0.tgz"
  "version" "3.0.0"

"normalize-svg-path@^0.1.0":
  "integrity" "sha1-RWNg5g7Odfvve11+FgSA5//Rb+U="
  "resolved" "https://registry.nlark.com/normalize-svg-path/download/normalize-svg-path-0.1.0.tgz"
  "version" "0.1.0"

"normalize-svg-path@^1.0.1":
  "integrity" "sha1-DmFOyiPDnwz/6CHWvmzRflaadmw="
  "resolved" "https://registry.nlark.com/normalize-svg-path/download/normalize-svg-path-1.1.0.tgz"
  "version" "1.1.0"
  dependencies:
    "svg-arc-to-cubic-bezier" "^3.0.0"

"normalize-url@^4.1.0":
  "integrity" "sha1-DdkM8SiO4dExO4cIHJpZMu5IUYo="
  "resolved" "https://registry.nlark.com/normalize-url/download/normalize-url-4.5.1.tgz?cache=0&other_urls=https%3A%2F%2Fregistry.nlark.com%2Fnormalize-url%2Fdownload%2Fnormalize-url-4.5.1.tgz"
  "version" "4.5.1"

"object-assign@^4.1.1":
  "integrity" "sha1-IQmtx5ZYh8/AXLvUQsrIv7s2CGM="
  "resolved" "https://registry.npm.taobao.org/object-assign/download/object-assign-4.1.1.tgz"
  "version" "4.1.1"

"once@^1.3.1", "once@~1.3.0":
  "integrity" "sha1-suJhVXzkwxTsgwTz+oJmPkKXyiA="
  "resolved" "https://registry.nlark.com/once/download/once-1.3.3.tgz"
  "version" "1.3.3"
  dependencies:
    "wrappy" "1"

"once@^1.4.0":
  "integrity" "sha1-WDsap3WWHUsROsF9nFC6753Xa9E="
  "resolved" "https://registry.nlark.com/once/download/once-1.4.0.tgz"
  "version" "1.4.0"
  dependencies:
    "wrappy" "1"

"p-cancelable@^1.0.0":
  "integrity" "sha1-0HjRWjr0CSIMiG8dmgyi5EGrJsw="
  "resolved" "https://registry.nlark.com/p-cancelable/download/p-cancelable-1.1.0.tgz?cache=0&sync_timestamp=1622467988667&other_urls=https%3A%2F%2Fregistry.nlark.com%2Fp-cancelable%2Fdownload%2Fp-cancelable-1.1.0.tgz"
  "version" "1.1.0"

"parse-color@^1.0.0":
  "integrity" "sha1-e3SLlag/A/FqlPU15S1/PZRlhhk="
  "resolved" "https://registry.npm.taobao.org/parse-color/download/parse-color-1.0.0.tgz"
  "version" "1.0.0"
  dependencies:
    "color-convert" "~0.5.0"

"parse-svg-path@^0.1.2":
  "integrity" "sha1-en7A0esG+lMlx9PgCbhZoJtdSes="
  "resolved" "https://registry.nlark.com/parse-svg-path/download/parse-svg-path-0.1.2.tgz"
  "version" "0.1.2"

"path-parse@^1.0.6":
  "integrity" "sha1-+8EUtgykKzDZ2vWFjkvWi77bZzU="
  "resolved" "https://registry.nlark.com/path-parse/download/path-parse-1.0.7.tgz"
  "version" "1.0.7"

"picocolors@^1.0.0":
  "integrity" "sha1-y1vcdP8/UYkiNur3nWi8RFZKuBw="
  "resolved" "https://registry.npmmirror.com/picocolors/download/picocolors-1.0.0.tgz?cache=0&sync_timestamp=1634093378416&other_urls=https%3A%2F%2Fregistry.npmmirror.com%2Fpicocolors%2Fdownload%2Fpicocolors-1.0.0.tgz"
  "version" "1.0.0"

"picomatch@^2.0.4", "picomatch@^2.2.1":
  "integrity" "sha1-8fBh3o9qS/AiiS4tEoI0+5gwKXI="
  "resolved" "https://registry.nlark.com/picomatch/download/picomatch-2.3.0.tgz"
  "version" "2.3.0"

"postcss@^8.3.11":
  "integrity" "sha512-jBDboWM8qpaqwkMwItqTQTiFikhs/67OYVvblFFTM7MrZjt6yMKd6r2kgXizEbTTljacm4NldIlZnhbjr84QYg=="
  "resolved" "https://registry.npmmirror.com/postcss/download/postcss-8.4.5.tgz"
  "version" "8.4.5"
  dependencies:
    "nanoid" "^3.1.30"
    "picocolors" "^1.0.0"
    "source-map-js" "^1.0.1"

"prepend-http@^2.0.0":
  "integrity" "sha1-6SQ0v6XqjBn0HN/UAddBo8gZ2Jc="
  "resolved" "https://registry.nlark.com/prepend-http/download/prepend-http-2.0.0.tgz"
  "version" "2.0.0"

"primitive-quad@^2.0.0":
  "integrity" "sha1-wgmT5PlgAjiSa7UA5SkFMEPvius="
  "resolved" "https://registry.npmmirror.com/primitive-quad/download/primitive-quad-2.0.0.tgz"
  "version" "2.0.0"

"promise-polyfill@7.1.0":
  "integrity" "sha1-TXSUhbRFd8FBN1kcbzbl1+LdM3g="
  "resolved" "https://registry.npmmirror.com/promise-polyfill/download/promise-polyfill-7.1.0.tgz"
  "version" "7.1.0"

"pump@^3.0.0":
  "integrity" "sha1-tKIRaBW94vTh6mAjVOjHVWUQemQ="
  "resolved" "https://registry.nlark.com/pump/download/pump-3.0.0.tgz"
  "version" "3.0.0"
  dependencies:
    "end-of-stream" "^1.1.0"
    "once" "^1.3.1"

"react-dom@^17.0.2", "react-dom@>=16.8":
  "integrity" "sha1-7P+2hF462Nv83EmPDQqTlzZQLCM="
  "resolved" "https://registry.npmmirror.com/react-dom/download/react-dom-17.0.2.tgz"
  "version" "17.0.2"
  dependencies:
    "loose-envify" "^1.1.0"
    "object-assign" "^4.1.1"
    "scheduler" "^0.20.2"

"react-router-dom@^6.2.1":
  "integrity" "sha512-I6Zax+/TH/cZMDpj3/4Fl2eaNdcvoxxHoH1tYOREsQ22OKDYofGebrNm6CTPUcvLvZm63NL/vzCYdjf9CUhqmA=="
  "resolved" "https://registry.npmmirror.com/react-router-dom/download/react-router-dom-6.2.1.tgz"
  "version" "6.2.1"
  dependencies:
    "history" "^5.2.0"
    "react-router" "6.2.1"

"react-router@6.2.1":
  "integrity" "sha512-2fG0udBtxou9lXtK97eJeET2ki5//UWfQSl1rlJ7quwe6jrktK9FCCc8dQb5QY6jAv3jua8bBQRhhDOM/kVRsg=="
  "resolved" "https://registry.npmmirror.com/react-router/download/react-router-6.2.1.tgz"
  "version" "6.2.1"
  dependencies:
    "history" "^5.2.0"

"react@^17.0.2", "react@>=16.8", "react@17.0.2":
  "integrity" "sha1-0LXMUW0p6z7uOD91tihkz7aAADc="
  "resolved" "https://registry.npmmirror.com/react/download/react-17.0.2.tgz"
  "version" "17.0.2"
  dependencies:
    "loose-envify" "^1.1.0"
    "object-assign" "^4.1.1"

"readdirp@~3.6.0":
  "integrity" "sha1-dKNwvYVxFuJFspzJc0DNQxoCpsc="
  "resolved" "https://registry.nlark.com/readdirp/download/readdirp-3.6.0.tgz"
  "version" "3.6.0"
  dependencies:
    "picomatch" "^2.2.1"

"regenerator-runtime@^0.13.4":
  "integrity" "sha1-iSV0Kpj/2QgUmI11Zq0wyjsmO1I="
  "resolved" "https://registry.nlark.com/regenerator-runtime/download/regenerator-runtime-0.13.9.tgz"
  "version" "0.13.9"

"regl@^1.3.7":
  "integrity" "sha1-DRhUMQRKNWv4Dpt3WxG5Ne8nRtM="
  "resolved" "https://registry.npm.taobao.org/regl/download/regl-1.7.0.tgz"
  "version" "1.7.0"

"resolve@^1.20.0":
  "integrity" "sha1-YpoBP7P3B1XW8LeTXMHCxTeLGXU="
  "resolved" "https://registry.npm.taobao.org/resolve/download/resolve-1.20.0.tgz"
  "version" "1.20.0"
  dependencies:
    "is-core-module" "^2.2.0"
    "path-parse" "^1.0.6"

"responselike@^1.0.2":
  "integrity" "sha1-kYcg7ztjHFZCvgaPFa3lpG9Loec="
  "resolved" "https://registry.nlark.com/responselike/download/responselike-1.0.2.tgz"
  "version" "1.0.2"
  dependencies:
    "lowercase-keys" "^1.0.0"

"rollup@^2.59.0":
  "integrity" "sha512-BbTXlEvB8d+XFbK/7E5doIcRtxWPRiqr0eb5vQ0+2paMM04Ye4PZY5nHOQef2ix24l/L0SpLd5hwcH15QHPdvA=="
  "resolved" "https://registry.npmmirror.com/rollup/download/rollup-2.61.1.tgz"
  "version" "2.61.1"
  optionalDependencies:
    "fsevents" "~2.3.2"

"sass@*", "sass@^1.45.0":
  "integrity" "sha512-ONy5bjppoohtNkFJRqdz1gscXamMzN3wQy1YH9qO2FiNpgjLhpz/IPRGg0PpCjyz/pWfCOaNEaiEGCcjOFAjqw=="
  "resolved" "https://registry.npmmirror.com/sass/download/sass-1.45.0.tgz"
  "version" "1.45.0"
  dependencies:
    "chokidar" ">=3.0.0 <4.0.0"
    "immutable" "^4.0.0"
    "source-map-js" ">=0.6.2 <2.0.0"

"scheduler@^0.20.2":
  "integrity" "sha1-S67jlDbjSqk7SHS93L8P6Li1DpE="
  "resolved" "https://registry.npmmirror.com/scheduler/download/scheduler-0.20.2.tgz"
  "version" "0.20.2"
  dependencies:
    "loose-envify" "^1.1.0"
    "object-assign" "^4.1.1"

"seed-random@^2.2.0":
  "integrity" "sha1-KpsZ4lCoFwmSMaW5mk2vgLf77VQ="
  "resolved" "https://registry.nlark.com/seed-random/download/seed-random-2.2.0.tgz"
  "version" "2.2.0"

"simplex-noise@^2.4.0":
  "integrity" "sha1-gbNFj7ItzMO8jdmpd8c3l/hvUjo="
  "resolved" "https://registry.npmmirror.com/simplex-noise/download/simplex-noise-2.4.0.tgz"
  "version" "2.4.0"

"smoothscroll@0.4.0":
  "integrity" "sha1-QOUHtGRhQIuht4fQCB4eiDxBJKU="
  "resolved" "https://registry.npm.taobao.org/smoothscroll/download/smoothscroll-0.4.0.tgz"
  "version" "0.4.0"

"source-map-js@^1.0.1", "source-map-js@>=0.6.2 <2.0.0":
  "integrity" "sha512-4+TN2b3tqOCd/kaGRJ/sTYA0tR0mdXx26ipdolxcwtJVqEnqNYvlCAt1q3ypy4QMlYus+Zh34RNtYLoq2oQ4IA=="
  "resolved" "https://registry.npmmirror.com/source-map-js/download/source-map-js-1.0.1.tgz?cache=0&sync_timestamp=1636400753943&other_urls=https%3A%2F%2Fregistry.npmmirror.com%2Fsource-map-js%2Fdownload%2Fsource-map-js-1.0.1.tgz"
  "version" "1.0.1"

"svg-arc-to-cubic-bezier@^3.0.0":
  "integrity" "sha1-OQxFADWuHEoBBNkGUDBMO8gUq+Y="
  "resolved" "https://registry.nlark.com/svg-arc-to-cubic-bezier/download/svg-arc-to-cubic-bezier-3.2.0.tgz"
  "version" "3.2.0"

"svg-path-contours@^2.0.0":
  "integrity" "sha1-x2oSlCnbBette2Hk0cWNEUqJOKI="
  "resolved" "https://registry.npmmirror.com/svg-path-contours/download/svg-path-contours-2.0.0.tgz"
  "version" "2.0.0"
  dependencies:
    "abs-svg-path" "^0.1.1"
    "adaptive-bezier-curve" "^1.0.3"
    "normalize-svg-path" "^0.1.0"
    "vec2-copy" "^1.0.0"

"to-readable-stream@^1.0.0":
  "integrity" "sha1-zgqgwvPfat+FLvtASng+d8BHV3E="
  "resolved" "https://registry.nlark.com/to-readable-stream/download/to-readable-stream-1.0.0.tgz?cache=0&sync_timestamp=1619072442497&other_urls=https%3A%2F%2Fregistry.nlark.com%2Fto-readable-stream%2Fdownload%2Fto-readable-stream-1.0.0.tgz"
  "version" "1.0.0"

"to-regex-range@^5.0.1":
  "integrity" "sha1-FkjESq58jZiKMmAY7XL1tN0DkuQ="
  "resolved" "https://registry.nlark.com/to-regex-range/download/to-regex-range-5.0.1.tgz"
  "version" "5.0.1"
  dependencies:
    "is-number" "^7.0.0"

"url-parse-lax@^3.0.0":
  "integrity" "sha1-FrXK/Afb42dsGxmZF3gj1lA6yww="
  "resolved" "https://registry.nlark.com/url-parse-lax/download/url-parse-lax-3.0.0.tgz?cache=0&sync_timestamp=1628547550655&other_urls=https%3A%2F%2Fregistry.nlark.com%2Furl-parse-lax%2Fdownload%2Furl-parse-lax-3.0.0.tgz"
  "version" "3.0.0"
  dependencies:
    "prepend-http" "^2.0.0"

"vec2-copy@^1.0.0":
  "integrity" "sha1-xu7B2NrVRiUZTl9x+EM7YtLyCno="
  "resolved" "https://registry.npmmirror.com/vec2-copy/download/vec2-copy-1.0.0.tgz"
  "version" "1.0.0"

"vite@^2.7.3":
  "integrity" "sha512-GAY1P+9fLJOju1SRm8+hykVnEXog+E+KXuqqyMBQDriKCUIKzWnPn142yNNhSdf/ixYGYdUa5ce3A8WaEajzGw=="
  "resolved" "https://registry.npmmirror.com/vite/download/vite-2.7.3.tgz"
  "version" "2.7.3"
  dependencies:
    "esbuild" "^0.13.12"
    "postcss" "^8.3.11"
    "resolve" "^1.20.0"
    "rollup" "^2.59.0"
  optionalDependencies:
    "fsevents" "~2.3.2"

"wrappy@1":
  "integrity" "sha1-tSQ9jz7BqjXxNkYFvA0QNuMKtp8="
  "resolved" "https://registry.nlark.com/wrappy/download/wrappy-1.0.2.tgz?cache=0&sync_timestamp=1619133505879&other_urls=https%3A%2F%2Fregistry.nlark.com%2Fwrappy%2Fdownload%2Fwrappy-1.0.2.tgz"
  "version" "1.0.2"
